
Microsoft Visual Studio Solution File, Format Version 12.00
# Visual Studio Version 17
VisualStudioVersion = 17.9.34622.214
MinimumVisualStudioVersion = 10.0.40219.1
Project("{9A19103F-16F7-4668-BE54-9A1E7A4F7556}") = "123Vendas.Vendas.API", "123Vendas.Vendas.API\123Vendas.Vendas.API.csproj", "{44A97534-653E-4FEE-9BFE-CDCBCE1DFA68}"
EndProject
Project("{9A19103F-16F7-4668-BE54-9A1E7A4F7556}") = "123Vendas.Vendas.Domain", "123Vendas.Vendas.Infra\123Vendas.Vendas.Domain.csproj", "{3D2B0914-2748-43BF-B053-F6871EFE3B6F}"
EndProject
Project("{9A19103F-16F7-4668-BE54-9A1E7A4F7556}") = "123Vendas.Vendas.Data", "123Vendas.Vendas.Data\123Vendas.Vendas.Data.csproj", "{4B2D3D49-BFD5-43AD-8BC9-29868D444042}"
EndProject
Project("{9A19103F-16F7-4668-BE54-9A1E7A4F7556}") = "123Vendas.Vendas.IoC", "123Vendas.Vendas.IoC\123Vendas.Vendas.IoC.csproj", "{CAF5BDD8-4205-4762-A6E5-38156983684D}"
EndProject
Project("{9A19103F-16F7-4668-BE54-9A1E7A4F7556}") = "123Vendas.Vendas.Service", "123Vendas.Vendas.Service\123Vendas.Vendas.Service.csproj", "{D663A6F6-765E-4814-9C7A-F21D4BD04707}"
EndProject
Project("{2150E333-8FDC-42A3-9474-1A3956D46DE8}") = "Src", "Src", "{35BD369E-C8B1-4325-9044-3A77D5060C21}"
EndProject
Project("{2150E333-8FDC-42A3-9474-1A3956D46DE8}") = "Tests", "Tests", "{8B0ED08E-4FBE-4B76-9E5D-8504132C187A}"
EndProject
Project("{9A19103F-16F7-4668-BE54-9A1E7A4F7556}") = "123Vendas.Vendas.API.Tests", "123Vendas.Vendas.API.Tests\123Vendas.Vendas.API.Tests.csproj", "{12B2DCD1-C481-4B41-BE0E-4943D0139695}"
EndProject
Project("{FAE04EC0-301F-11D3-BF4B-00C04F79EFBC}") = "123Vendas.Vendas.Data.Tests", "123Vendas.Vendas.Data.Tests\123Vendas.Vendas.Data.Tests.csproj", "{45159A88-C862-4255-AFC5-E92C80C124B1}"
EndProject
Project("{FAE04EC0-301F-11D3-BF4B-00C04F79EFBC}") = "123Vendas.Vendas.Domain.Tests", "123Vendas.Vendas.Domain.Tests\123Vendas.Vendas.Domain.Tests.csproj", "{70404799-9DBB-4459-99A4-9986605EDDC9}"
EndProject
Project("{FAE04EC0-301F-11D3-BF4B-00C04F79EFBC}") = "123Vendas.Vendas.Service.Tests", "123Vendas.Vendas.Service.Tests\123Vendas.Vendas.Service.Tests.csproj", "{89CCA9D4-18AA-4349-B34D-BACB555A5A1D}"
EndProject
Global
	GlobalSection(SolutionConfigurationPlatforms) = preSolution
		Debug|Any CPU = Debug|Any CPU
		Release|Any CPU = Release|Any CPU
	EndGlobalSection
	GlobalSection(ProjectConfigurationPlatforms) = postSolution
		{44A97534-653E-4FEE-9BFE-CDCBCE1DFA68}.Debug|Any CPU.ActiveCfg = Debug|Any CPU
		{44A97534-653E-4FEE-9BFE-CDCBCE1DFA68}.Debug|Any CPU.Build.0 = Debug|Any CPU
		{44A97534-653E-4FEE-9BFE-CDCBCE1DFA68}.Release|Any CPU.ActiveCfg = Release|Any CPU
		{44A97534-653E-4FEE-9BFE-CDCBCE1DFA68}.Release|Any CPU.Build.0 = Release|Any CPU
		{3D2B0914-2748-43BF-B053-F6871EFE3B6F}.Debug|Any CPU.ActiveCfg = Debug|Any CPU
		{3D2B0914-2748-43BF-B053-F6871EFE3B6F}.Debug|Any CPU.Build.0 = Debug|Any CPU
		{3D2B0914-2748-43BF-B053-F6871EFE3B6F}.Release|Any CPU.ActiveCfg = Release|Any CPU
		{3D2B0914-2748-43BF-B053-F6871EFE3B6F}.Release|Any CPU.Build.0 = Release|Any CPU
		{4B2D3D49-BFD5-43AD-8BC9-29868D444042}.Debug|Any CPU.ActiveCfg = Debug|Any CPU
		{4B2D3D49-BFD5-43AD-8BC9-29868D444042}.Debug|Any CPU.Build.0 = Debug|Any CPU
		{4B2D3D49-BFD5-43AD-8BC9-29868D444042}.Release|Any CPU.ActiveCfg = Release|Any CPU
		{4B2D3D49-BFD5-43AD-8BC9-29868D444042}.Release|Any CPU.Build.0 = Release|Any CPU
		{CAF5BDD8-4205-4762-A6E5-38156983684D}.Debug|Any CPU.ActiveCfg = Debug|Any CPU
		{CAF5BDD8-4205-4762-A6E5-38156983684D}.Debug|Any CPU.Build.0 = Debug|Any CPU
		{CAF5BDD8-4205-4762-A6E5-38156983684D}.Release|Any CPU.ActiveCfg = Release|Any CPU
		{CAF5BDD8-4205-4762-A6E5-38156983684D}.Release|Any CPU.Build.0 = Release|Any CPU
		{D663A6F6-765E-4814-9C7A-F21D4BD04707}.Debug|Any CPU.ActiveCfg = Debug|Any CPU
		{D663A6F6-765E-4814-9C7A-F21D4BD04707}.Debug|Any CPU.Build.0 = Debug|Any CPU
		{D663A6F6-765E-4814-9C7A-F21D4BD04707}.Release|Any CPU.ActiveCfg = Release|Any CPU
		{D663A6F6-765E-4814-9C7A-F21D4BD04707}.Release|Any CPU.Build.0 = Release|Any CPU
		{12B2DCD1-C481-4B41-BE0E-4943D0139695}.Debug|Any CPU.ActiveCfg = Debug|Any CPU
		{12B2DCD1-C481-4B41-BE0E-4943D0139695}.Debug|Any CPU.Build.0 = Debug|Any CPU
		{12B2DCD1-C481-4B41-BE0E-4943D0139695}.Release|Any CPU.ActiveCfg = Release|Any CPU
		{12B2DCD1-C481-4B41-BE0E-4943D0139695}.Release|Any CPU.Build.0 = Release|Any CPU
		{45159A88-C862-4255-AFC5-E92C80C124B1}.Debug|Any CPU.ActiveCfg = Debug|Any CPU
		{45159A88-C862-4255-AFC5-E92C80C124B1}.Debug|Any CPU.Build.0 = Debug|Any CPU
		{45159A88-C862-4255-AFC5-E92C80C124B1}.Release|Any CPU.ActiveCfg = Release|Any CPU
		{45159A88-C862-4255-AFC5-E92C80C124B1}.Release|Any CPU.Build.0 = Release|Any CPU
		{70404799-9DBB-4459-99A4-9986605EDDC9}.Debug|Any CPU.ActiveCfg = Debug|Any CPU
		{70404799-9DBB-4459-99A4-9986605EDDC9}.Debug|Any CPU.Build.0 = Debug|Any CPU
		{70404799-9DBB-4459-99A4-9986605EDDC9}.Release|Any CPU.ActiveCfg = Release|Any CPU
		{70404799-9DBB-4459-99A4-9986605EDDC9}.Release|Any CPU.Build.0 = Release|Any CPU
		{89CCA9D4-18AA-4349-B34D-BACB555A5A1D}.Debug|Any CPU.ActiveCfg = Debug|Any CPU
		{89CCA9D4-18AA-4349-B34D-BACB555A5A1D}.Debug|Any CPU.Build.0 = Debug|Any CPU
		{89CCA9D4-18AA-4349-B34D-BACB555A5A1D}.Release|Any CPU.ActiveCfg = Release|Any CPU
		{89CCA9D4-18AA-4349-B34D-BACB555A5A1D}.Release|Any CPU.Build.0 = Release|Any CPU
	EndGlobalSection
	GlobalSection(SolutionProperties) = preSolution
		HideSolutionNode = FALSE
	EndGlobalSection
	GlobalSection(NestedProjects) = preSolution
		{44A97534-653E-4FEE-9BFE-CDCBCE1DFA68} = {35BD369E-C8B1-4325-9044-3A77D5060C21}
		{3D2B0914-2748-43BF-B053-F6871EFE3B6F} = {35BD369E-C8B1-4325-9044-3A77D5060C21}
		{4B2D3D49-BFD5-43AD-8BC9-29868D444042} = {35BD369E-C8B1-4325-9044-3A77D5060C21}
		{CAF5BDD8-4205-4762-A6E5-38156983684D} = {35BD369E-C8B1-4325-9044-3A77D5060C21}
		{D663A6F6-765E-4814-9C7A-F21D4BD04707} = {35BD369E-C8B1-4325-9044-3A77D5060C21}
		{12B2DCD1-C481-4B41-BE0E-4943D0139695} = {8B0ED08E-4FBE-4B76-9E5D-8504132C187A}
		{45159A88-C862-4255-AFC5-E92C80C124B1} = {8B0ED08E-4FBE-4B76-9E5D-8504132C187A}
		{70404799-9DBB-4459-99A4-9986605EDDC9} = {8B0ED08E-4FBE-4B76-9E5D-8504132C187A}
		{89CCA9D4-18AA-4349-B34D-BACB555A5A1D} = {8B0ED08E-4FBE-4B76-9E5D-8504132C187A}
	EndGlobalSection
	GlobalSection(ExtensibilityGlobals) = postSolution
		SolutionGuid = {DFBF913C-97F0-4FBF-9184-CE63B1D8F103}
	EndGlobalSection
EndGlobal
